
Microsoft Visual Studio Solution File, Format Version 12.00
# Visual Studio Version 17
VisualStudioVersion = 17.7.34031.279
MinimumVisualStudioVersion = 10.0.40219.1
Project("{8BC9CEB8-8B4A-11D0-8D11-00A0C91BC942}") = "1.2", "1.2\1.2.vcxproj", "{0B46254C-C4BE-4BC4-ACBA-5CEBBD353278}"
EndProject
Project("{8BC9CEB8-8B4A-11D0-8D11-00A0C91BC942}") = "1.3", "1.3\1.3.vcxproj", "{3CDF6710-01AA-4AD8-91A7-21168DB4A263}"
EndProject
Project("{8BC9CEB8-8B4A-11D0-8D11-00A0C91BC942}") = "1.1", "1.1\1.1.vcxproj", "{59E05957-84DE-4A7E-8C54-336BD743491D}"
EndProject
Project("{8BC9CEB8-8B4A-11D0-8D11-00A0C91BC942}") = "1.4_", "1.4_\1.4_.vcxproj", "{144A9A85-E33A-4500-A938-9B2A08095755}"
EndProject
Project("{8BC9CEB8-8B4A-11D0-8D11-00A0C91BC942}") = "2.1", "2.1\2.1.vcxproj", "{EFD7FA12-2C32-4A0F-9C21-D4E62B219135}"
EndProject
Project("{8BC9CEB8-8B4A-11D0-8D11-00A0C91BC942}") = "1.5", "1.5\1.5.vcxproj", "{5404C488-E704-4FFB-934A-3E83971294F9}"
EndProject
Project("{8BC9CEB8-8B4A-11D0-8D11-00A0C91BC942}") = "1.6", "1.6\1.6.vcxproj", "{4B57D7EA-AA84-456C-A337-B077C5DDB784}"
EndProject
Global
	GlobalSection(SolutionConfigurationPlatforms) = preSolution
		Debug|x64 = Debug|x64
		Debug|x86 = Debug|x86
		Release|x64 = Release|x64
		Release|x86 = Release|x86
	EndGlobalSection
	GlobalSection(ProjectConfigurationPlatforms) = postSolution
		{0B46254C-C4BE-4BC4-ACBA-5CEBBD353278}.Debug|x64.ActiveCfg = Debug|x64
		{0B46254C-C4BE-4BC4-ACBA-5CEBBD353278}.Debug|x64.Build.0 = Debug|x64
		{0B46254C-C4BE-4BC4-ACBA-5CEBBD353278}.Debug|x86.ActiveCfg = Debug|Win32
		{0B46254C-C4BE-4BC4-ACBA-5CEBBD353278}.Debug|x86.Build.0 = Debug|Win32
		{0B46254C-C4BE-4BC4-ACBA-5CEBBD353278}.Release|x64.ActiveCfg = Release|x64
		{0B46254C-C4BE-4BC4-ACBA-5CEBBD353278}.Release|x64.Build.0 = Release|x64
		{0B46254C-C4BE-4BC4-ACBA-5CEBBD353278}.Release|x86.ActiveCfg = Release|Win32
		{0B46254C-C4BE-4BC4-ACBA-5CEBBD353278}.Release|x86.Build.0 = Release|Win32
		{3CDF6710-01AA-4AD8-91A7-21168DB4A263}.Debug|x64.ActiveCfg = Debug|x64
		{3CDF6710-01AA-4AD8-91A7-21168DB4A263}.Debug|x64.Build.0 = Debug|x64
		{3CDF6710-01AA-4AD8-91A7-21168DB4A263}.Debug|x86.ActiveCfg = Debug|Win32
		{3CDF6710-01AA-4AD8-91A7-21168DB4A263}.Debug|x86.Build.0 = Debug|Win32
		{3CDF6710-01AA-4AD8-91A7-21168DB4A263}.Release|x64.ActiveCfg = Release|x64
		{3CDF6710-01AA-4AD8-91A7-21168DB4A263}.Release|x64.Build.0 = Release|x64
		{3CDF6710-01AA-4AD8-91A7-21168DB4A263}.Release|x86.ActiveCfg = Release|Win32
		{3CDF6710-01AA-4AD8-91A7-21168DB4A263}.Release|x86.Build.0 = Release|Win32
		{59E05957-84DE-4A7E-8C54-336BD743491D}.Debug|x64.ActiveCfg = Debug|x64
		{59E05957-84DE-4A7E-8C54-336BD743491D}.Debug|x64.Build.0 = Debug|x64
		{59E05957-84DE-4A7E-8C54-336BD743491D}.Debug|x86.ActiveCfg = Debug|Win32
		{59E05957-84DE-4A7E-8C54-336BD743491D}.Debug|x86.Build.0 = Debug|Win32
		{59E05957-84DE-4A7E-8C54-336BD743491D}.Release|x64.ActiveCfg = Release|x64
		{59E05957-84DE-4A7E-8C54-336BD743491D}.Release|x64.Build.0 = Release|x64
		{59E05957-84DE-4A7E-8C54-336BD743491D}.Release|x86.ActiveCfg = Release|Win32
		{59E05957-84DE-4A7E-8C54-336BD743491D}.Release|x86.Build.0 = Release|Win32
		{144A9A85-E33A-4500-A938-9B2A08095755}.Debug|x64.ActiveCfg = Debug|x64
		{144A9A85-E33A-4500-A938-9B2A08095755}.Debug|x64.Build.0 = Debug|x64
		{144A9A85-E33A-4500-A938-9B2A08095755}.Debug|x86.ActiveCfg = Debug|Win32
		{144A9A85-E33A-4500-A938-9B2A08095755}.Debug|x86.Build.0 = Debug|Win32
		{144A9A85-E33A-4500-A938-9B2A08095755}.Release|x64.ActiveCfg = Release|x64
		{144A9A85-E33A-4500-A938-9B2A08095755}.Release|x64.Build.0 = Release|x64
		{144A9A85-E33A-4500-A938-9B2A08095755}.Release|x86.ActiveCfg = Release|Win32
		{144A9A85-E33A-4500-A938-9B2A08095755}.Release|x86.Build.0 = Release|Win32
		{EFD7FA12-2C32-4A0F-9C21-D4E62B219135}.Debug|x64.ActiveCfg = Debug|x64
		{EFD7FA12-2C32-4A0F-9C21-D4E62B219135}.Debug|x64.Build.0 = Debug|x64
		{EFD7FA12-2C32-4A0F-9C21-D4E62B219135}.Debug|x86.ActiveCfg = Debug|Win32
		{EFD7FA12-2C32-4A0F-9C21-D4E62B219135}.Debug|x86.Build.0 = Debug|Win32
		{EFD7FA12-2C32-4A0F-9C21-D4E62B219135}.Release|x64.ActiveCfg = Release|x64
		{EFD7FA12-2C32-4A0F-9C21-D4E62B219135}.Release|x64.Build.0 = Release|x64
		{EFD7FA12-2C32-4A0F-9C21-D4E62B219135}.Release|x86.ActiveCfg = Release|Win32
		{EFD7FA12-2C32-4A0F-9C21-D4E62B219135}.Release|x86.Build.0 = Release|Win32
		{5404C488-E704-4FFB-934A-3E83971294F9}.Debug|x64.ActiveCfg = Debug|x64
		{5404C488-E704-4FFB-934A-3E83971294F9}.Debug|x64.Build.0 = Debug|x64
		{5404C488-E704-4FFB-934A-3E83971294F9}.Debug|x86.ActiveCfg = Debug|Win32
		{5404C488-E704-4FFB-934A-3E83971294F9}.Debug|x86.Build.0 = Debug|Win32
		{5404C488-E704-4FFB-934A-3E83971294F9}.Release|x64.ActiveCfg = Release|x64
		{5404C488-E704-4FFB-934A-3E83971294F9}.Release|x64.Build.0 = Release|x64
		{5404C488-E704-4FFB-934A-3E83971294F9}.Release|x86.ActiveCfg = Release|Win32
		{5404C488-E704-4FFB-934A-3E83971294F9}.Release|x86.Build.0 = Release|Win32
		{4B57D7EA-AA84-456C-A337-B077C5DDB784}.Debug|x64.ActiveCfg = Debug|x64
		{4B57D7EA-AA84-456C-A337-B077C5DDB784}.Debug|x64.Build.0 = Debug|x64
		{4B57D7EA-AA84-456C-A337-B077C5DDB784}.Debug|x86.ActiveCfg = Debug|Win32
		{4B57D7EA-AA84-456C-A337-B077C5DDB784}.Debug|x86.Build.0 = Debug|Win32
		{4B57D7EA-AA84-456C-A337-B077C5DDB784}.Release|x64.ActiveCfg = Release|x64
		{4B57D7EA-AA84-456C-A337-B077C5DDB784}.Release|x64.Build.0 = Release|x64
		{4B57D7EA-AA84-456C-A337-B077C5DDB784}.Release|x86.ActiveCfg = Release|Win32
		{4B57D7EA-AA84-456C-A337-B077C5DDB784}.Release|x86.Build.0 = Release|Win32
	EndGlobalSection
	GlobalSection(SolutionProperties) = preSolution
		HideSolutionNode = FALSE
	EndGlobalSection
	GlobalSection(ExtensibilityGlobals) = postSolution
		SolutionGuid = {35939231-B679-4BCF-8960-282C1497E3EA}
	EndGlobalSection
EndGlobal
